
Microsoft Visual Studio Solution File, Format Version 12.00
# Visual Studio Version 17
VisualStudioVersion = 17.14.36408.4 d17.14
MinimumVisualStudioVersion = 10.0.40219.1
Project("{FAE04EC0-301F-11D3-BF4B-00C04F79EFBC}") = "MovieApi", "MovieApi\MovieApi.csproj", "{D9EB6507-F882-41DB-8088-DA26DD6503DD}"
EndProject
Global
	GlobalSection(SolutionConfigurationPlatforms) = preSolution
		Debug|Any CPU = Debug|Any CPU
		Release|Any CPU = Release|Any CPU
	EndGlobalSection
	GlobalSection(ProjectConfigurationPlatforms) = postSolution
		{D9EB6507-F882-41DB-8088-DA26DD6503DD}.Debug|Any CPU.ActiveCfg = Debug|Any CPU
		{D9EB6507-F882-41DB-8088-DA26DD6503DD}.Debug|Any CPU.Build.0 = Debug|Any CPU
		{D9EB6507-F882-41DB-8088-DA26DD6503DD}.Release|Any CPU.ActiveCfg = Release|Any CPU
		{D9EB6507-F882-41DB-8088-DA26DD6503DD}.Release|Any CPU.Build.0 = Release|Any CPU
	EndGlobalSection
	GlobalSection(SolutionProperties) = preSolution
		HideSolutionNode = FALSE
	EndGlobalSection
	GlobalSection(ExtensibilityGlobals) = postSolution
		SolutionGuid = {6DFF7889-56B6-4B3F-9CF6-588BFCF71430}
	EndGlobalSection
EndGlobal
